
Microsoft Visual Studio Solution File, Format Version 12.00
# Visual Studio Version 17
VisualStudioVersion = 17.6.33829.357
MinimumVisualStudioVersion = 10.0.40219.1
Project("{FAE04EC0-301F-11D3-BF4B-00C04F79EFBC}") = "MyGitHubDemo", "MyGitHubDemo\MyGitHubDemo.csproj", "{6FD6B08B-EE01-4E50-B633-2741C02A807E}"
EndProject
Global
	GlobalSection(SolutionConfigurationPlatforms) = preSolution
		Debug|Any CPU = Debug|Any CPU
		Release|Any CPU = Release|Any CPU
	EndGlobalSection
	GlobalSection(ProjectConfigurationPlatforms) = postSolution
		{6FD6B08B-EE01-4E50-B633-2741C02A807E}.Debug|Any CPU.ActiveCfg = Debug|Any CPU
		{6FD6B08B-EE01-4E50-B633-2741C02A807E}.Debug|Any CPU.Build.0 = Debug|Any CPU
		{6FD6B08B-EE01-4E50-B633-2741C02A807E}.Release|Any CPU.ActiveCfg = Release|Any CPU
		{6FD6B08B-EE01-4E50-B633-2741C02A807E}.Release|Any CPU.Build.0 = Release|Any CPU
	EndGlobalSection
	GlobalSection(SolutionProperties) = preSolution
		HideSolutionNode = FALSE
	EndGlobalSection
	GlobalSection(ExtensibilityGlobals) = postSolution
		SolutionGuid = {306FFF37-3DD5-481D-9A46-C5A4C470F1A9}
	EndGlobalSection
EndGlobal
